
Microsoft Visual Studio Solution File, Format Version 12.00
# Visual Studio Version 17
VisualStudioVersion = 17.2.32616.157
MinimumVisualStudioVersion = 10.0.40219.1
Project("{2150E333-8FDC-42A3-9474-1A3956D46DE8}") = "src", "src", "{34944EE8-4EC1-4088-B8B6-060042EFF8E0}"
	ProjectSection(SolutionItems) = preProject
		src\Directory.Build.props = src\Directory.Build.props
	EndProjectSection
EndProject
Project("{2150E333-8FDC-42A3-9474-1A3956D46DE8}") = "samples", "samples", "{69A8A5DD-92DC-47B2-9BB6-E4BBECFA38E3}"
EndProject
Project("{2150E333-8FDC-42A3-9474-1A3956D46DE8}") = ".solutionItems", ".solutionItems", "{4A26D6C2-B002-4C72-A623-6E7A65443FB9}"
	ProjectSection(SolutionItems) = preProject
		CHANGELOG.md = CHANGELOG.md
		LICENSE = LICENSE
		README.md = README.md
	EndProjectSection
EndProject
Project("{2150E333-8FDC-42A3-9474-1A3956D46DE8}") = "tests", "tests", "{D49EF356-68E3-42E6-8707-FC45DDAB4DC5}"
EndProject
Project("{9A19103F-16F7-4668-BE54-9A1E7A4F7556}") = "RavenSMS.Samples.AspCore", "samples\RavenSMS.Samples.AspCore\RavenSMS.Samples.AspCore.csproj", "{815DDE19-0A9F-44E9-9AD5-8D33DB8567FC}"
EndProject
Project("{9A19103F-16F7-4668-BE54-9A1E7A4F7556}") = "RavenSMS", "src\RavenSMS\RavenSMS.csproj", "{63D1FB5F-57D1-4F76-8714-C63D1913AAAB}"
EndProject
Project("{2150E333-8FDC-42A3-9474-1A3956D46DE8}") = "Queues", "Queues", "{57788BE8-09B8-4941-952B-4FFA6761EA1F}"
EndProject
Project("{2150E333-8FDC-42A3-9474-1A3956D46DE8}") = "Storages", "Storages", "{ECCF0CC7-8162-4213-91CF-5E97DAD0E5CA}"
EndProject
Project("{9A19103F-16F7-4668-BE54-9A1E7A4F7556}") = "RavenSMS.Test", "tests\RavenSMS.Test\RavenSMS.Test.csproj", "{ECCBB3ED-A2DF-41D5-B7CE-E4E93E875421}"
EndProject
Project("{9A19103F-16F7-4668-BE54-9A1E7A4F7556}") = "RavenSMS.Queue.Coravel", "src\Queues\RavenSMS.Queue.Coravel\RavenSMS.Queue.Coravel.csproj", "{C4BEFCCD-E8AD-40E7-B06C-3D704C5EED2A}"
EndProject
Project("{9A19103F-16F7-4668-BE54-9A1E7A4F7556}") = "RavenSMS.Queue.Hangfire", "src\Queues\RavenSMS.Queue.Hangfire\RavenSMS.Queue.Hangfire.csproj", "{61BE2583-137C-43FA-93D5-2256A19DDD33}"
EndProject
Project("{9A19103F-16F7-4668-BE54-9A1E7A4F7556}") = "RavenSMS.Storage.EntityFramework", "src\Storages\RavenSMS.Storage.EntityFramework\RavenSMS.Storage.EntityFramework.csproj", "{5FCC1F31-A0AA-40A3-A9B0-A532192CE385}"
EndProject
Project("{9A19103F-16F7-4668-BE54-9A1E7A4F7556}") = "RavenSMS.Dashboard", "src\RavenSMS.Dashboard\RavenSMS.Dashboard.csproj", "{B07E56CC-D508-4482-A266-E442E6140F32}"
EndProject
Global
	GlobalSection(SolutionConfigurationPlatforms) = preSolution
		Debug|Any CPU = Debug|Any CPU
		Release|Any CPU = Release|Any CPU
	EndGlobalSection
	GlobalSection(ProjectConfigurationPlatforms) = postSolution
		{815DDE19-0A9F-44E9-9AD5-8D33DB8567FC}.Debug|Any CPU.ActiveCfg = Debug|Any CPU
		{815DDE19-0A9F-44E9-9AD5-8D33DB8567FC}.Debug|Any CPU.Build.0 = Debug|Any CPU
		{815DDE19-0A9F-44E9-9AD5-8D33DB8567FC}.Release|Any CPU.ActiveCfg = Release|Any CPU
		{815DDE19-0A9F-44E9-9AD5-8D33DB8567FC}.Release|Any CPU.Build.0 = Release|Any CPU
		{63D1FB5F-57D1-4F76-8714-C63D1913AAAB}.Debug|Any CPU.ActiveCfg = Debug|Any CPU
		{63D1FB5F-57D1-4F76-8714-C63D1913AAAB}.Debug|Any CPU.Build.0 = Debug|Any CPU
		{63D1FB5F-57D1-4F76-8714-C63D1913AAAB}.Release|Any CPU.ActiveCfg = Release|Any CPU
		{63D1FB5F-57D1-4F76-8714-C63D1913AAAB}.Release|Any CPU.Build.0 = Release|Any CPU
		{ECCBB3ED-A2DF-41D5-B7CE-E4E93E875421}.Debug|Any CPU.ActiveCfg = Debug|Any CPU
		{ECCBB3ED-A2DF-41D5-B7CE-E4E93E875421}.Debug|Any CPU.Build.0 = Debug|Any CPU
		{ECCBB3ED-A2DF-41D5-B7CE-E4E93E875421}.Release|Any CPU.ActiveCfg = Release|Any CPU
		{ECCBB3ED-A2DF-41D5-B7CE-E4E93E875421}.Release|Any CPU.Build.0 = Release|Any CPU
		{C4BEFCCD-E8AD-40E7-B06C-3D704C5EED2A}.Debug|Any CPU.ActiveCfg = Debug|Any CPU
		{C4BEFCCD-E8AD-40E7-B06C-3D704C5EED2A}.Debug|Any CPU.Build.0 = Debug|Any CPU
		{C4BEFCCD-E8AD-40E7-B06C-3D704C5EED2A}.Release|Any CPU.ActiveCfg = Release|Any CPU
		{C4BEFCCD-E8AD-40E7-B06C-3D704C5EED2A}.Release|Any CPU.Build.0 = Release|Any CPU
		{61BE2583-137C-43FA-93D5-2256A19DDD33}.Debug|Any CPU.ActiveCfg = Debug|Any CPU
		{61BE2583-137C-43FA-93D5-2256A19DDD33}.Debug|Any CPU.Build.0 = Debug|Any CPU
		{61BE2583-137C-43FA-93D5-2256A19DDD33}.Release|Any CPU.ActiveCfg = Release|Any CPU
		{61BE2583-137C-43FA-93D5-2256A19DDD33}.Release|Any CPU.Build.0 = Release|Any CPU
		{5FCC1F31-A0AA-40A3-A9B0-A532192CE385}.Debug|Any CPU.ActiveCfg = Debug|Any CPU
		{5FCC1F31-A0AA-40A3-A9B0-A532192CE385}.Debug|Any CPU.Build.0 = Debug|Any CPU
		{5FCC1F31-A0AA-40A3-A9B0-A532192CE385}.Release|Any CPU.ActiveCfg = Release|Any CPU
		{5FCC1F31-A0AA-40A3-A9B0-A532192CE385}.Release|Any CPU.Build.0 = Release|Any CPU
		{B07E56CC-D508-4482-A266-E442E6140F32}.Debug|Any CPU.ActiveCfg = Debug|Any CPU
		{B07E56CC-D508-4482-A266-E442E6140F32}.Debug|Any CPU.Build.0 = Debug|Any CPU
		{B07E56CC-D508-4482-A266-E442E6140F32}.Release|Any CPU.ActiveCfg = Release|Any CPU
		{B07E56CC-D508-4482-A266-E442E6140F32}.Release|Any CPU.Build.0 = Release|Any CPU
	EndGlobalSection
	GlobalSection(SolutionProperties) = preSolution
		HideSolutionNode = FALSE
	EndGlobalSection
	GlobalSection(NestedProjects) = preSolution
		{815DDE19-0A9F-44E9-9AD5-8D33DB8567FC} = {69A8A5DD-92DC-47B2-9BB6-E4BBECFA38E3}
		{63D1FB5F-57D1-4F76-8714-C63D1913AAAB} = {34944EE8-4EC1-4088-B8B6-060042EFF8E0}
		{57788BE8-09B8-4941-952B-4FFA6761EA1F} = {34944EE8-4EC1-4088-B8B6-060042EFF8E0}
		{ECCF0CC7-8162-4213-91CF-5E97DAD0E5CA} = {34944EE8-4EC1-4088-B8B6-060042EFF8E0}
		{ECCBB3ED-A2DF-41D5-B7CE-E4E93E875421} = {D49EF356-68E3-42E6-8707-FC45DDAB4DC5}
		{C4BEFCCD-E8AD-40E7-B06C-3D704C5EED2A} = {57788BE8-09B8-4941-952B-4FFA6761EA1F}
		{61BE2583-137C-43FA-93D5-2256A19DDD33} = {57788BE8-09B8-4941-952B-4FFA6761EA1F}
		{5FCC1F31-A0AA-40A3-A9B0-A532192CE385} = {ECCF0CC7-8162-4213-91CF-5E97DAD0E5CA}
		{B07E56CC-D508-4482-A266-E442E6140F32} = {34944EE8-4EC1-4088-B8B6-060042EFF8E0}
	EndGlobalSection
	GlobalSection(ExtensibilityGlobals) = postSolution
		SolutionGuid = {4B897765-B7F9-489A-867D-DD0BA98C6A36}
	EndGlobalSection
EndGlobal
